
Microsoft Visual Studio Solution File, Format Version 12.00
# Visual Studio Version 17
VisualStudioVersion = 17.5.002.0
MinimumVisualStudioVersion = 10.0.40219.1
Project("{9FCC8C52-2C9F-41BD-9484-6A20588FD7B9}") = "Mine2", "Mine2.csproj", "{D03D8BB1-1F76-4BA8-AA65-9C3E2A7BAB06}"
EndProject
Global
	GlobalSection(SolutionConfigurationPlatforms) = preSolution
		Debug|Any CPU = Debug|Any CPU
		Release|Any CPU = Release|Any CPU
	EndGlobalSection
	GlobalSection(ProjectConfigurationPlatforms) = postSolution
		{D03D8BB1-1F76-4BA8-AA65-9C3E2A7BAB06}.Debug|Any CPU.ActiveCfg = Debug|Any CPU
		{D03D8BB1-1F76-4BA8-AA65-9C3E2A7BAB06}.Debug|Any CPU.Build.0 = Debug|Any CPU
		{D03D8BB1-1F76-4BA8-AA65-9C3E2A7BAB06}.Release|Any CPU.ActiveCfg = Release|Any CPU
		{D03D8BB1-1F76-4BA8-AA65-9C3E2A7BAB06}.Release|Any CPU.Build.0 = Release|Any CPU
	EndGlobalSection
	GlobalSection(SolutionProperties) = preSolution
		HideSolutionNode = FALSE
	EndGlobalSection
	GlobalSection(ExtensibilityGlobals) = postSolution
		SolutionGuid = {9734CCED-D8EF-4891-B7A8-31E36AF7F69C}
	EndGlobalSection
EndGlobal
